
Microsoft Visual Studio Solution File, Format Version 12.00
# Visual Studio Version 16
VisualStudioVersion = 16.0.29001.49
MinimumVisualStudioVersion = 10.0.40219.1
Project("{FAE04EC0-301F-11D3-BF4B-00C04F79EFBC}") = "Homework8", "Homework8.csproj", "{52CE98BA-2728-4EB6-B237-7CA715023D11}"
EndProject
Global
	GlobalSection(SolutionConfigurationPlatforms) = preSolution
		Debug|Any CPU = Debug|Any CPU
		Release|Any CPU = Release|Any CPU
	EndGlobalSection
	GlobalSection(ProjectConfigurationPlatforms) = postSolution
		{52CE98BA-2728-4EB6-B237-7CA715023D11}.Debug|Any CPU.ActiveCfg = Debug|Any CPU
		{52CE98BA-2728-4EB6-B237-7CA715023D11}.Debug|Any CPU.Build.0 = Debug|Any CPU
		{52CE98BA-2728-4EB6-B237-7CA715023D11}.Release|Any CPU.ActiveCfg = Release|Any CPU
		{52CE98BA-2728-4EB6-B237-7CA715023D11}.Release|Any CPU.Build.0 = Release|Any CPU
	EndGlobalSection
	GlobalSection(SolutionProperties) = preSolution
		HideSolutionNode = FALSE
	EndGlobalSection
	GlobalSection(ExtensibilityGlobals) = postSolution
		SolutionGuid = {BACD69FE-8930-44B1-8DFA-500AC7F27BA4}
	EndGlobalSection
EndGlobal
