
Microsoft Visual Studio Solution File, Format Version 12.00
# Visual Studio Version 16
VisualStudioVersion = 16.0.29001.49
MinimumVisualStudioVersion = 10.0.40219.1
Project("{FAE04EC0-301F-11D3-BF4B-00C04F79EFBC}") = "Homework1", "Homework1\Homework1.csproj", "{DA70DE35-E047-47D9-8743-5164430A7B4A}"
EndProject
Global
	GlobalSection(SolutionConfigurationPlatforms) = preSolution
		Debug|Any CPU = Debug|Any CPU
		Release|Any CPU = Release|Any CPU
	EndGlobalSection
	GlobalSection(ProjectConfigurationPlatforms) = postSolution
		{DA70DE35-E047-47D9-8743-5164430A7B4A}.Debug|Any CPU.ActiveCfg = Debug|Any CPU
		{DA70DE35-E047-47D9-8743-5164430A7B4A}.Debug|Any CPU.Build.0 = Debug|Any CPU
		{DA70DE35-E047-47D9-8743-5164430A7B4A}.Release|Any CPU.ActiveCfg = Release|Any CPU
		{DA70DE35-E047-47D9-8743-5164430A7B4A}.Release|Any CPU.Build.0 = Release|Any CPU
	EndGlobalSection
	GlobalSection(SolutionProperties) = preSolution
		HideSolutionNode = FALSE
	EndGlobalSection
	GlobalSection(ExtensibilityGlobals) = postSolution
		SolutionGuid = {6ACC49D1-C851-40B3-9317-D2E06AAFE3FE}
	EndGlobalSection
EndGlobal
